
Microsoft Visual Studio Solution File, Format Version 12.00
# Visual Studio Version 17
VisualStudioVersion = 17.13.35828.75
MinimumVisualStudioVersion = 10.0.40219.1
Project("{FAE04EC0-301F-11D3-BF4B-00C04F79EFBC}") = "Week07Homework", "Week07Homework\Week07Homework.csproj", "{4DF5073A-30CA-4E5A-86F0-807280E00DD0}"
EndProject
Project("{FAE04EC0-301F-11D3-BF4B-00C04F79EFBC}") = "CsTest", "CsTest\CsTest.csproj", "{FD8B1AF2-C60C-45F1-86D1-D560528DB7FA}"
EndProject
Global
	GlobalSection(SolutionConfigurationPlatforms) = preSolution
		Debug|Any CPU = Debug|Any CPU
		Release|Any CPU = Release|Any CPU
	EndGlobalSection
	GlobalSection(ProjectConfigurationPlatforms) = postSolution
		{4DF5073A-30CA-4E5A-86F0-807280E00DD0}.Debug|Any CPU.ActiveCfg = Debug|Any CPU
		{4DF5073A-30CA-4E5A-86F0-807280E00DD0}.Debug|Any CPU.Build.0 = Debug|Any CPU
		{4DF5073A-30CA-4E5A-86F0-807280E00DD0}.Release|Any CPU.ActiveCfg = Release|Any CPU
		{4DF5073A-30CA-4E5A-86F0-807280E00DD0}.Release|Any CPU.Build.0 = Release|Any CPU
		{FD8B1AF2-C60C-45F1-86D1-D560528DB7FA}.Debug|Any CPU.ActiveCfg = Debug|Any CPU
		{FD8B1AF2-C60C-45F1-86D1-D560528DB7FA}.Debug|Any CPU.Build.0 = Debug|Any CPU
		{FD8B1AF2-C60C-45F1-86D1-D560528DB7FA}.Release|Any CPU.ActiveCfg = Release|Any CPU
		{FD8B1AF2-C60C-45F1-86D1-D560528DB7FA}.Release|Any CPU.Build.0 = Release|Any CPU
	EndGlobalSection
	GlobalSection(SolutionProperties) = preSolution
		HideSolutionNode = FALSE
	EndGlobalSection
	GlobalSection(ExtensibilityGlobals) = postSolution
		SolutionGuid = {75D5F775-5796-4845-A016-2F205AC93C91}
	EndGlobalSection
EndGlobal
