
Microsoft Visual Studio Solution File, Format Version 12.00
# Visual Studio Version 17
VisualStudioVersion = 17.13.35818.85
MinimumVisualStudioVersion = 10.0.40219.1
Project("{FAE04EC0-301F-11D3-BF4B-00C04F79EFBC}") = "Week02Proj01", "Week02Proj01\Week02Proj01.csproj", "{DA0C21CC-CC84-485E-8E12-66C0F9244A42}"
EndProject
Project("{FAE04EC0-301F-11D3-BF4B-00C04F79EFBC}") = "Week02proj01_Practice", "Week02proj01_Practice\Week02proj01_Practice.csproj", "{0B1847E3-6C46-4DE7-8476-2E79D302B35B}"
EndProject
Global
	GlobalSection(SolutionConfigurationPlatforms) = preSolution
		Debug|Any CPU = Debug|Any CPU
		Release|Any CPU = Release|Any CPU
	EndGlobalSection
	GlobalSection(ProjectConfigurationPlatforms) = postSolution
		{DA0C21CC-CC84-485E-8E12-66C0F9244A42}.Debug|Any CPU.ActiveCfg = Debug|Any CPU
		{DA0C21CC-CC84-485E-8E12-66C0F9244A42}.Debug|Any CPU.Build.0 = Debug|Any CPU
		{DA0C21CC-CC84-485E-8E12-66C0F9244A42}.Release|Any CPU.ActiveCfg = Release|Any CPU
		{DA0C21CC-CC84-485E-8E12-66C0F9244A42}.Release|Any CPU.Build.0 = Release|Any CPU
		{0B1847E3-6C46-4DE7-8476-2E79D302B35B}.Debug|Any CPU.ActiveCfg = Debug|Any CPU
		{0B1847E3-6C46-4DE7-8476-2E79D302B35B}.Debug|Any CPU.Build.0 = Debug|Any CPU
		{0B1847E3-6C46-4DE7-8476-2E79D302B35B}.Release|Any CPU.ActiveCfg = Release|Any CPU
		{0B1847E3-6C46-4DE7-8476-2E79D302B35B}.Release|Any CPU.Build.0 = Release|Any CPU
	EndGlobalSection
	GlobalSection(SolutionProperties) = preSolution
		HideSolutionNode = FALSE
	EndGlobalSection
	GlobalSection(ExtensibilityGlobals) = postSolution
		SolutionGuid = {352C581F-939B-4AA8-BACF-95A29D425E43}
	EndGlobalSection
EndGlobal
